
Microsoft Visual Studio Solution File, Format Version 12.00
# Visual Studio 15
VisualStudioVersion = 15.0.28307.271
MinimumVisualStudioVersion = 10.0.40219.1
Project("{8BC9CEB8-8B4A-11D0-8D11-00A0C91BC942}") = "HeightMapGenerator", "HeightMapGenerator\HeightMapGenerator.vcxproj", "{99989873-AA35-49D7-A12F-25FF437FB905}"
EndProject
Project("{8BC9CEB8-8B4A-11D0-8D11-00A0C91BC942}") = "RandomNumberGenerator", "RandomNumberGenerator\RandomNumberGenerator.vcxproj", "{AFCC50F2-2113-40E0-9983-2FB7ABC3ABE6}"
EndProject
Project("{8BC9CEB8-8B4A-11D0-8D11-00A0C91BC942}") = "PerlinNoise", "PerlinNoise\PerlinNoise.vcxproj", "{7E021F7F-B847-42EE-ABA6-1D1B1308D95F}"
EndProject
Project("{8BC9CEB8-8B4A-11D0-8D11-00A0C91BC942}") = "Mandelbrot", "Mandelbrot\Mandelbrot.vcxproj", "{EFCBFAF2-6F74-481A-8962-F346556CB30B}"
EndProject
Project("{8BC9CEB8-8B4A-11D0-8D11-00A0C91BC942}") = "FlowerGenerator", "FlowerGenerator\FlowerGenerator.vcxproj", "{D6E68878-3C0D-449C-9C90-64503D7ACFD6}"
EndProject
Project("{8BC9CEB8-8B4A-11D0-8D11-00A0C91BC942}") = "PathFindingExperiments", "PathFindingExperiments\PathFindingExperiments.vcxproj", "{7791A944-F55D-4B2C-A5FB-42C9AA67FA23}"
EndProject
Project("{8BC9CEB8-8B4A-11D0-8D11-00A0C91BC942}") = "Tests", "Tests\Tests.vcxproj", "{BD33F853-3724-4D1C-B819-ED210D94E03C}"
EndProject
Project("{8BC9CEB8-8B4A-11D0-8D11-00A0C91BC942}") = "UnitTest", "UnitTest\UnitTest.vcxproj", "{9F1651D3-78C6-48DE-AB8C-F224F9988979}"
EndProject
Project("{8BC9CEB8-8B4A-11D0-8D11-00A0C91BC942}") = "OpenCLMandelbrot", "OpenClMandelbrot\OpenClMandelbrot.vcxproj", "{E8239F8E-59E2-4F6E-82E9-20B03DD74606}"
EndProject
Global
	GlobalSection(SolutionConfigurationPlatforms) = preSolution
		Debug|Any CPU = Debug|Any CPU
		Debug|x64 = Debug|x64
		Debug|x86 = Debug|x86
		Release|Any CPU = Release|Any CPU
		Release|x64 = Release|x64
		Release|x86 = Release|x86
	EndGlobalSection
	GlobalSection(ProjectConfigurationPlatforms) = postSolution
		{99989873-AA35-49D7-A12F-25FF437FB905}.Debug|Any CPU.ActiveCfg = Debug|Win32
		{99989873-AA35-49D7-A12F-25FF437FB905}.Debug|x64.ActiveCfg = Debug|x64
		{99989873-AA35-49D7-A12F-25FF437FB905}.Debug|x64.Build.0 = Debug|x64
		{99989873-AA35-49D7-A12F-25FF437FB905}.Debug|x86.ActiveCfg = Debug|Win32
		{99989873-AA35-49D7-A12F-25FF437FB905}.Debug|x86.Build.0 = Debug|Win32
		{99989873-AA35-49D7-A12F-25FF437FB905}.Release|Any CPU.ActiveCfg = Release|Win32
		{99989873-AA35-49D7-A12F-25FF437FB905}.Release|x64.ActiveCfg = Release|x64
		{99989873-AA35-49D7-A12F-25FF437FB905}.Release|x64.Build.0 = Release|x64
		{99989873-AA35-49D7-A12F-25FF437FB905}.Release|x86.ActiveCfg = Release|Win32
		{99989873-AA35-49D7-A12F-25FF437FB905}.Release|x86.Build.0 = Release|Win32
		{AFCC50F2-2113-40E0-9983-2FB7ABC3ABE6}.Debug|Any CPU.ActiveCfg = Debug|Win32
		{AFCC50F2-2113-40E0-9983-2FB7ABC3ABE6}.Debug|x64.ActiveCfg = Debug|x64
		{AFCC50F2-2113-40E0-9983-2FB7ABC3ABE6}.Debug|x64.Build.0 = Debug|x64
		{AFCC50F2-2113-40E0-9983-2FB7ABC3ABE6}.Debug|x86.ActiveCfg = Debug|Win32
		{AFCC50F2-2113-40E0-9983-2FB7ABC3ABE6}.Debug|x86.Build.0 = Debug|Win32
		{AFCC50F2-2113-40E0-9983-2FB7ABC3ABE6}.Release|Any CPU.ActiveCfg = Release|Win32
		{AFCC50F2-2113-40E0-9983-2FB7ABC3ABE6}.Release|x64.ActiveCfg = Release|x64
		{AFCC50F2-2113-40E0-9983-2FB7ABC3ABE6}.Release|x64.Build.0 = Release|x64
		{AFCC50F2-2113-40E0-9983-2FB7ABC3ABE6}.Release|x86.ActiveCfg = Release|Win32
		{AFCC50F2-2113-40E0-9983-2FB7ABC3ABE6}.Release|x86.Build.0 = Release|Win32
		{7E021F7F-B847-42EE-ABA6-1D1B1308D95F}.Debug|Any CPU.ActiveCfg = Debug|Win32
		{7E021F7F-B847-42EE-ABA6-1D1B1308D95F}.Debug|x64.ActiveCfg = Debug|x64
		{7E021F7F-B847-42EE-ABA6-1D1B1308D95F}.Debug|x64.Build.0 = Debug|x64
		{7E021F7F-B847-42EE-ABA6-1D1B1308D95F}.Debug|x86.ActiveCfg = Debug|Win32
		{7E021F7F-B847-42EE-ABA6-1D1B1308D95F}.Debug|x86.Build.0 = Debug|Win32
		{7E021F7F-B847-42EE-ABA6-1D1B1308D95F}.Release|Any CPU.ActiveCfg = Release|Win32
		{7E021F7F-B847-42EE-ABA6-1D1B1308D95F}.Release|x64.ActiveCfg = Release|x64
		{7E021F7F-B847-42EE-ABA6-1D1B1308D95F}.Release|x64.Build.0 = Release|x64
		{7E021F7F-B847-42EE-ABA6-1D1B1308D95F}.Release|x86.ActiveCfg = Release|Win32
		{7E021F7F-B847-42EE-ABA6-1D1B1308D95F}.Release|x86.Build.0 = Release|Win32
		{EFCBFAF2-6F74-481A-8962-F346556CB30B}.Debug|Any CPU.ActiveCfg = Debug|Win32
		{EFCBFAF2-6F74-481A-8962-F346556CB30B}.Debug|x64.ActiveCfg = Debug|x64
		{EFCBFAF2-6F74-481A-8962-F346556CB30B}.Debug|x64.Build.0 = Debug|x64
		{EFCBFAF2-6F74-481A-8962-F346556CB30B}.Debug|x86.ActiveCfg = Debug|Win32
		{EFCBFAF2-6F74-481A-8962-F346556CB30B}.Debug|x86.Build.0 = Debug|Win32
		{EFCBFAF2-6F74-481A-8962-F346556CB30B}.Release|Any CPU.ActiveCfg = Release|Win32
		{EFCBFAF2-6F74-481A-8962-F346556CB30B}.Release|x64.ActiveCfg = Release|x64
		{EFCBFAF2-6F74-481A-8962-F346556CB30B}.Release|x64.Build.0 = Release|x64
		{EFCBFAF2-6F74-481A-8962-F346556CB30B}.Release|x86.ActiveCfg = Release|Win32
		{EFCBFAF2-6F74-481A-8962-F346556CB30B}.Release|x86.Build.0 = Release|Win32
		{D6E68878-3C0D-449C-9C90-64503D7ACFD6}.Debug|Any CPU.ActiveCfg = Debug|Win32
		{D6E68878-3C0D-449C-9C90-64503D7ACFD6}.Debug|x64.ActiveCfg = Debug|x64
		{D6E68878-3C0D-449C-9C90-64503D7ACFD6}.Debug|x64.Build.0 = Debug|x64
		{D6E68878-3C0D-449C-9C90-64503D7ACFD6}.Debug|x86.ActiveCfg = Debug|Win32
		{D6E68878-3C0D-449C-9C90-64503D7ACFD6}.Debug|x86.Build.0 = Debug|Win32
		{D6E68878-3C0D-449C-9C90-64503D7ACFD6}.Release|Any CPU.ActiveCfg = Release|Win32
		{D6E68878-3C0D-449C-9C90-64503D7ACFD6}.Release|x64.ActiveCfg = Release|x64
		{D6E68878-3C0D-449C-9C90-64503D7ACFD6}.Release|x64.Build.0 = Release|x64
		{D6E68878-3C0D-449C-9C90-64503D7ACFD6}.Release|x86.ActiveCfg = Release|Win32
		{D6E68878-3C0D-449C-9C90-64503D7ACFD6}.Release|x86.Build.0 = Release|Win32
		{7791A944-F55D-4B2C-A5FB-42C9AA67FA23}.Debug|Any CPU.ActiveCfg = Debug|Win32
		{7791A944-F55D-4B2C-A5FB-42C9AA67FA23}.Debug|x64.ActiveCfg = Debug|x64
		{7791A944-F55D-4B2C-A5FB-42C9AA67FA23}.Debug|x64.Build.0 = Debug|x64
		{7791A944-F55D-4B2C-A5FB-42C9AA67FA23}.Debug|x86.ActiveCfg = Debug|Win32
		{7791A944-F55D-4B2C-A5FB-42C9AA67FA23}.Debug|x86.Build.0 = Debug|Win32
		{7791A944-F55D-4B2C-A5FB-42C9AA67FA23}.Release|Any CPU.ActiveCfg = Release|Win32
		{7791A944-F55D-4B2C-A5FB-42C9AA67FA23}.Release|x64.ActiveCfg = Release|x64
		{7791A944-F55D-4B2C-A5FB-42C9AA67FA23}.Release|x64.Build.0 = Release|x64
		{7791A944-F55D-4B2C-A5FB-42C9AA67FA23}.Release|x86.ActiveCfg = Release|Win32
		{7791A944-F55D-4B2C-A5FB-42C9AA67FA23}.Release|x86.Build.0 = Release|Win32
		{BD33F853-3724-4D1C-B819-ED210D94E03C}.Debug|Any CPU.ActiveCfg = Debug|Win32
		{BD33F853-3724-4D1C-B819-ED210D94E03C}.Debug|x64.ActiveCfg = Debug|x64
		{BD33F853-3724-4D1C-B819-ED210D94E03C}.Debug|x64.Build.0 = Debug|x64
		{BD33F853-3724-4D1C-B819-ED210D94E03C}.Debug|x86.ActiveCfg = Debug|Win32
		{BD33F853-3724-4D1C-B819-ED210D94E03C}.Debug|x86.Build.0 = Debug|Win32
		{BD33F853-3724-4D1C-B819-ED210D94E03C}.Release|Any CPU.ActiveCfg = Release|Win32
		{BD33F853-3724-4D1C-B819-ED210D94E03C}.Release|x64.ActiveCfg = Release|x64
		{BD33F853-3724-4D1C-B819-ED210D94E03C}.Release|x64.Build.0 = Release|x64
		{BD33F853-3724-4D1C-B819-ED210D94E03C}.Release|x86.ActiveCfg = Release|Win32
		{BD33F853-3724-4D1C-B819-ED210D94E03C}.Release|x86.Build.0 = Release|Win32
		{9F1651D3-78C6-48DE-AB8C-F224F9988979}.Debug|Any CPU.ActiveCfg = Debug|Win32
		{9F1651D3-78C6-48DE-AB8C-F224F9988979}.Debug|x64.ActiveCfg = Debug|x64
		{9F1651D3-78C6-48DE-AB8C-F224F9988979}.Debug|x64.Build.0 = Debug|x64
		{9F1651D3-78C6-48DE-AB8C-F224F9988979}.Debug|x86.ActiveCfg = Debug|Win32
		{9F1651D3-78C6-48DE-AB8C-F224F9988979}.Debug|x86.Build.0 = Debug|Win32
		{9F1651D3-78C6-48DE-AB8C-F224F9988979}.Release|Any CPU.ActiveCfg = Release|Win32
		{9F1651D3-78C6-48DE-AB8C-F224F9988979}.Release|x64.ActiveCfg = Release|x64
		{9F1651D3-78C6-48DE-AB8C-F224F9988979}.Release|x64.Build.0 = Release|x64
		{9F1651D3-78C6-48DE-AB8C-F224F9988979}.Release|x86.ActiveCfg = Release|Win32
		{9F1651D3-78C6-48DE-AB8C-F224F9988979}.Release|x86.Build.0 = Release|Win32
		{E8239F8E-59E2-4F6E-82E9-20B03DD74606}.Debug|Any CPU.ActiveCfg = Debug|Win32
		{E8239F8E-59E2-4F6E-82E9-20B03DD74606}.Debug|x64.ActiveCfg = Debug|x64
		{E8239F8E-59E2-4F6E-82E9-20B03DD74606}.Debug|x64.Build.0 = Debug|x64
		{E8239F8E-59E2-4F6E-82E9-20B03DD74606}.Debug|x86.ActiveCfg = Debug|Win32
		{E8239F8E-59E2-4F6E-82E9-20B03DD74606}.Debug|x86.Build.0 = Debug|Win32
		{E8239F8E-59E2-4F6E-82E9-20B03DD74606}.Release|Any CPU.ActiveCfg = Release|Win32
		{E8239F8E-59E2-4F6E-82E9-20B03DD74606}.Release|x64.ActiveCfg = Release|x64
		{E8239F8E-59E2-4F6E-82E9-20B03DD74606}.Release|x64.Build.0 = Release|x64
		{E8239F8E-59E2-4F6E-82E9-20B03DD74606}.Release|x86.ActiveCfg = Release|Win32
		{E8239F8E-59E2-4F6E-82E9-20B03DD74606}.Release|x86.Build.0 = Release|Win32
	EndGlobalSection
	GlobalSection(SolutionProperties) = preSolution
		HideSolutionNode = FALSE
	EndGlobalSection
	GlobalSection(ExtensibilityGlobals) = postSolution
		SolutionGuid = {0FABCD4D-2699-4545-B84C-48CC9BAEDA12}
	EndGlobalSection
EndGlobal
